
Microsoft Visual Studio Solution File, Format Version 12.00
Project("{FAE04EC0-301F-11D3-BF4B-00C04F79EFBC}") = "HappyTravel.RequestAuditLog", "HappyTravel.RequestAuditLog\HappyTravel.RequestAuditLog.csproj", "{C88AC6B3-1526-4061-9EB1-9412B1B1D6D2}"
EndProject
Global
	GlobalSection(SolutionConfigurationPlatforms) = preSolution
		Debug|Any CPU = Debug|Any CPU
		Release|Any CPU = Release|Any CPU
	EndGlobalSection
	GlobalSection(ProjectConfigurationPlatforms) = postSolution
		{C88AC6B3-1526-4061-9EB1-9412B1B1D6D2}.Debug|Any CPU.ActiveCfg = Debug|Any CPU
		{C88AC6B3-1526-4061-9EB1-9412B1B1D6D2}.Debug|Any CPU.Build.0 = Debug|Any CPU
		{C88AC6B3-1526-4061-9EB1-9412B1B1D6D2}.Release|Any CPU.ActiveCfg = Release|Any CPU
		{C88AC6B3-1526-4061-9EB1-9412B1B1D6D2}.Release|Any CPU.Build.0 = Release|Any CPU
	EndGlobalSection
EndGlobal
